{
  "name": "javascriptconsole",
  "version": "1.6.0",
  "lockfileVersion": 2,
  "requires": true,
  "packages": {
    "": {
      "name": "javascriptconsole",
      "version": "1.6.0",
      "license": "ISC",
      "dependencies": {
        "javascriptconsole": "^1.6.0"
      },
      "bin": {
        "js": "index.js"
      }
    },
    "node_modules/javascriptconsole": {
      "version": "1.6.0",
      "resolved": "https://registry.npmjs.org/javascriptconsole/-/javascriptconsole-1.6.0.tgz",
      "integrity": "sha512-942OzWW3Ow4bp/RB+CvFeP5l6ZW7+YuM8rUWoNB8sL2ZK9qs1iC6TxwoQq0A2SFEcPsO7QlDgQjTLDkT+hKybQ==",
      "bin": {
        "js": "index.js"
      }
    }
  },
  "dependencies": {
    "javascriptconsole": {
      "version": "1.6.0",
      "resolved": "https://registry.npmjs.org/javascriptconsole/-/javascriptconsole-1.6.0.tgz",
      "integrity": "sha512-942OzWW3Ow4bp/RB+CvFeP5l6ZW7+YuM8rUWoNB8sL2ZK9qs1iC6TxwoQq0A2SFEcPsO7QlDgQjTLDkT+hKybQ=="
    }
  }
}
